{
    "_readme": [
        "This file locks the dependencies of your project to a known state",
        "Read more about it at https://getcomposer.org/doc/01-basic-usage.md#installing-dependencies",
        "This file is @generated automatically"
    ],
    "content-hash": "945040a605073cc0cfd58fc0146326d7",
    "packages": [],
    "packages-dev": [
        {
            "name": "vkcom/kphpunit",
            "version": "dev-master",
            "source": {
                "type": "git",
                "url": "https://github.com/VKCOM/kphpunit.git",
                "reference": "deaf26635485e69bb0372c6dec0a8882acdc6e77"
            },
            "dist": {
                "type": "zip",
                "url": "https://api.github.com/repos/VKCOM/kphpunit/zipball/deaf26635485e69bb0372c6dec0a8882acdc6e77",
                "reference": "deaf26635485e69bb0372c6dec0a8882acdc6e77",
                "shasum": ""
            },
            "require": {
                "php": ">=7.2"
            },
            "default-branch": true,
            "type": "library",
            "autoload": {
                "psr-4": {
                    "KPHPUnit\\": "src/"
                }
            },
            "notification-url": "https://packagist.org/downloads/",
            "license": [
                "MIT"
            ],
            "authors": [
                {
                    "name": "Iskander Sharipov",
                    "email": "quasilyte@gmail.com"
                }
            ],
            "description": "KPHP polyfill-like package for the PHPUnit",
            "support": {
                "issues": "https://github.com/VKCOM/kphpunit/issues",
                "source": "https://github.com/VKCOM/kphpunit/tree/master"
            },
            "time": "2021-08-17T10:31:03+00:00"
        }
    ],
    "aliases": [],
    "minimum-stability": "dev",
    "stability-flags": {
        "vkcom/kphpunit": 20
    },
    "prefer-stable": false,
    "prefer-lowest": false,
    "platform": [],
    "platform-dev": [],
    "plugin-api-version": "2.1.0"
}
