{
    "_readme": [
        "This file locks the dependencies of your project to a known state",
        "Read more about it at https://getcomposer.org/doc/01-basic-usage.md#installing-dependencies",
        "This file is @generated automatically"
    ],
    "content-hash": "1c6e0d75ae3ac904cf799dc0818fd2f7",
    "packages": [],
    "packages-dev": [
        {
            "name": "quasilyte/kphpunit",
            "version": "dev-master",
            "source": {
                "type": "git",
                "url": "https://github.com/quasilyte/kphpunit.git",
                "reference": "fd4a0ee1d3a5e5fea2c773a602ab7596ad909e0e"
            },
            "dist": {
                "type": "zip",
                "url": "https://api.github.com/repos/quasilyte/kphpunit/zipball/fd4a0ee1d3a5e5fea2c773a602ab7596ad909e0e",
                "reference": "fd4a0ee1d3a5e5fea2c773a602ab7596ad909e0e",
                "shasum": ""
            },
            "require": {
                "php": ">=7.2"
            },
            "default-branch": true,
            "type": "library",
            "autoload": {
                "psr-4": {
                    "KPHPUnit\\": "src/"
                }
            },
            "notification-url": "https://packagist.org/downloads/",
            "license": [
                "MIT"
            ],
            "authors": [
                {
                    "name": "Iskander Sharipov",
                    "email": "quasilyte@gmail.com"
                }
            ],
            "description": "KPHP polyfill-like package for the PHPUnit",
            "support": {
                "issues": "https://github.com/quasilyte/kphpunit/issues",
                "source": "https://github.com/quasilyte/kphpunit/tree/master"
            },
            "time": "2021-08-10T12:26:16+00:00"
        }
    ],
    "aliases": [],
    "minimum-stability": "dev",
    "stability-flags": {
        "quasilyte/kphpunit": 20
    },
    "prefer-stable": false,
    "prefer-lowest": false,
    "platform": [],
    "platform-dev": [],
    "plugin-api-version": "2.1.0"
}
